# This file is generated by running "yarn install" inside your project.
# Manual changes might be lost - proceed with caution!

__metadata:
  version: 4
  cacheKey: 7

"@babel/code-frame@npm:^7.0.0":
  version: 7.12.13
  resolution: "@babel/code-frame@npm:7.12.13"
  dependencies:
    "@babel/highlight": ^7.12.13
  checksum: 471532bb7cb4a300bd1a3201e75e7c0c83ebfb4e0e6610fdb53270521505d7efe0961258de61e7b1970ef3092a97ed675248ee1a44597912a1f61f903d85ef41
  languageName: node
  linkType: hard

"@babel/helper-validator-identifier@npm:^7.12.11":
  version: 7.12.11
  resolution: "@babel/helper-validator-identifier@npm:7.12.11"
  checksum: 18de432203264b501db2690b53370a4289dc56084f5a2c66de624b159ee28b8abaeb402b2b7584296d9261645d91ddb6bfd21125d3ffd9bf02e9262e77baf3d2
  languageName: node
  linkType: hard

"@babel/highlight@npm:^7.12.13":
  version: 7.12.13
  resolution: "@babel/highlight@npm:7.12.13"
  dependencies:
    "@babel/helper-validator-identifier": ^7.12.11
    chalk: ^2.0.0
    js-tokens: ^4.0.0
  checksum: 83a3a2cc961b9e17fb75bd57ebf90cf07be6ec4263d74b60c435c28bcb045c474f0162eaa921ad7b44429d7624ec49b41cae416e475d3f747ccda678be1f7a8f
  languageName: node
  linkType: hard

"@samverschueren/stream-to-observable@npm:^0.3.0":
  version: 0.3.1
  resolution: "@samverschueren/stream-to-observable@npm:0.3.1"
  dependencies:
    any-observable: ^0.3.0
  peerDependenciesMeta:
    rxjs:
      optional: true
    zen-observable:
      optional: true
  checksum: 6a097438c84c526dbd4be6e1655fe0080833ed21d7f27a19250d7af85d2fe34d36d4aa5b042a06bbd6dfade53427b5c4e2ada400c861afa534ee7068223fe7e9
  languageName: node
  linkType: hard

"ansi-escapes@npm:^3.0.0":
  version: 3.2.0
  resolution: "ansi-escapes@npm:3.2.0"
  checksum: 0a106c53c71bc831a3245b49016a2630de4217674f4383761c7ef4fe78dfe73a897e323f27298783494b45ce3703f903013d4548c5411bafb6c5c937fb0b3f4e
  languageName: node
  linkType: hard

"ansi-escapes@npm:^4.2.1":
  version: 4.3.1
  resolution: "ansi-escapes@npm:4.3.1"
  dependencies:
    type-fest: ^0.11.0
  checksum: bcb39e57bd32af0236c4ded96aaf8ef5d86c5a4683762b0be998c68cd11d5afd93296f4b5e087a3557da82a899b7c4d081483d603a4d4647e6a6613bf1aded8a
  languageName: node
  linkType: hard

"ansi-regex@npm:^2.0.0":
  version: 2.1.1
  resolution: "ansi-regex@npm:2.1.1"
  checksum: 93a53c923fd433f67cd3d5647dffa6790f37bbfb924cf73ad23e28a8e414bde142d1da260d9a2be52ac4aa382063196880b1d40cf8b547642c746ed538ebf6c4
  languageName: node
  linkType: hard

"ansi-regex@npm:^3.0.0":
  version: 3.0.0
  resolution: "ansi-regex@npm:3.0.0"
  checksum: 2e3c40d42904366e4a1a7b906ea3ae7968179a50916dfa0fd3e59fd12333c5d95970a9a59067ac3406d97c78784d591f0b841a4efd365dafb261327ae1ea3478
  languageName: node
  linkType: hard

"ansi-regex@npm:^5.0.0":
  version: 5.0.0
  resolution: "ansi-regex@npm:5.0.0"
  checksum: cbd9b5c9dbbb4a949c2a6e93f1c6cc19f0683d8a4724d08d2158627be6d373f0f3ba1f4ada01dce7ee141f2ba2628fbbd29932c7d49926e3b630c7f329f3178b
  languageName: node
  linkType: hard

"ansi-styles@npm:^2.2.1":
  version: 2.2.1
  resolution: "ansi-styles@npm:2.2.1"
  checksum: 108c7496372982f1ee53f3f09975de89cc771d2f7c89a32d56ab7a542f67b7de97391c9c16b43b39eb7ea176d3cfbb15975b6b355ae827f15f5a457b1b9dec31
  languageName: node
  linkType: hard

"ansi-styles@npm:^3.2.1":
  version: 3.2.1
  resolution: "ansi-styles@npm:3.2.1"
  dependencies:
    color-convert: ^1.9.0
  checksum: 456e1c23d9277512a47718da75e7fbb0a5ee215ef893c2f76d6b3efe8fceabc861121b80b0362146f5f995d21a1633f05a19bbf6283ae66ac11dc3b9c0bed779
  languageName: node
  linkType: hard

"ansi-styles@npm:^4.1.0":
  version: 4.3.0
  resolution: "ansi-styles@npm:4.3.0"
  dependencies:
    color-convert: ^2.0.1
  checksum: ea02c0179f3dd089a161f5fdd7ccd89dd84f31d82b68869f1134bf5c5b9e1313dadd2ff9edb02b44f46243f285ef5b785f6cb61c84a293694221417c42934407
  languageName: node
  linkType: hard

"any-observable@npm:^0.3.0":
  version: 0.3.0
  resolution: "any-observable@npm:0.3.0"
  checksum: 8051aaf7b9403b6722b10bd2464c939e3d20f2381306a6fecbbeace1626ccf1071da441eb73ca4ac40f8c0144daec2ad716bc284e720befea02292e5e60e39be
  languageName: node
  linkType: hard

"asynckit@npm:^0.4.0":
  version: 0.4.0
  resolution: "asynckit@npm:0.4.0"
  checksum: a024000b9ddd938e2f27b3cb8188f96a5e1fff58185e98b84862fc4e01de279a547874a800340c2b106bb9de9b0fc61c6c683bc6892abf65e6be29a96addafd3
  languageName: node
  linkType: hard

"chalk@npm:^1.0.0, chalk@npm:^1.1.3":
  version: 1.1.3
  resolution: "chalk@npm:1.1.3"
  dependencies:
    ansi-styles: ^2.2.1
    escape-string-regexp: ^1.0.2
    has-ansi: ^2.0.0
    strip-ansi: ^3.0.0
    supports-color: ^2.0.0
  checksum: bc2df54f6da63d0918254aa2d79dd87f75442e35c751b07f5ca37e5886dd0963472e37ee8c5fa6da27710fdfa0e10779c72be4a6c860c67e96769ba63ee2901e
  languageName: node
  linkType: hard

"chalk@npm:^2.0.0, chalk@npm:^2.4.1":
  version: 2.4.2
  resolution: "chalk@npm:2.4.2"
  dependencies:
    ansi-styles: ^3.2.1
    escape-string-regexp: ^1.0.5
    supports-color: ^5.3.0
  checksum: 22c7b7b5bc761c882bb6516454a1a671923f1c53ff972860065aa0b28a195f230163c1d46ee88bcc7a03e5539177d896457d8bc727de7f244c6e87032743038e
  languageName: node
  linkType: hard

"chalk@npm:^4.1.0":
  version: 4.1.0
  resolution: "chalk@npm:4.1.0"
  dependencies:
    ansi-styles: ^4.1.0
    supports-color: ^7.1.0
  checksum: f860285b419f9e925c2db0f45ffa88aa8794c14b80cc5d01ff30930bcfc384996606362706f0829cf557f6d36152a5fb2d227ad63c4bc90e2ec9e9dbed4a3c07
  languageName: node
  linkType: hard

"chardet@npm:^0.7.0":
  version: 0.7.0
  resolution: "chardet@npm:0.7.0"
  checksum: b71a4ee4648489291af86418b96247824a8c1ee4f4f95d6268967fb40e9fbf70500e72fb737d5186a23cf98c8a02b91d68cb2f426d7428e92883af9d31a037ec
  languageName: node
  linkType: hard

"cli-cursor@npm:^2.0.0, cli-cursor@npm:^2.1.0":
  version: 2.1.0
  resolution: "cli-cursor@npm:2.1.0"
  dependencies:
    restore-cursor: ^2.0.0
  checksum: df33c11b3c236c9238ec8112330e7a3f25d59c73b2cffea8ed4f9ab1881d93f8467d7a0920434a880e8cea37f264da5f26549f2afa350c764fac956c02fd841a
  languageName: node
  linkType: hard

"cli-cursor@npm:^3.1.0":
  version: 3.1.0
  resolution: "cli-cursor@npm:3.1.0"
  dependencies:
    restore-cursor: ^3.1.0
  checksum: 15dbfc222f27da8cbc61680e4948b189e811224271f6ee5be9db0dcbabe23ae3b2c5a5663be6f17ee51f6203ab44abddd4f4cffb20d69458fc845fa86976f96a
  languageName: node
  linkType: hard

"cli-truncate@npm:^0.2.1":
  version: 0.2.1
  resolution: "cli-truncate@npm:0.2.1"
  dependencies:
    slice-ansi: 0.0.4
    string-width: ^1.0.1
  checksum: f860298aa38107f0c7307d5f7c106dcf1b32c6d0d57c5126ac88b78e48e2a904927e1b44b523c5e38fb9f1c01c9c5b49f1d425ba0b8bd1910f9d0ee7e8a74665
  languageName: node
  linkType: hard

"cli-width@npm:^3.0.0":
  version: 3.0.0
  resolution: "cli-width@npm:3.0.0"
  checksum: 6e5bc71774e202bfd3782d0be56eacee9462bfc7dc4a601dad10636163ab9c8abe625e760b0f28e590f9044bc23df3927ee3406f8c961fd2e4a51ef3f67fab2f
  languageName: node
  linkType: hard

"code-point-at@npm:^1.0.0":
  version: 1.1.0
  resolution: "code-point-at@npm:1.1.0"
  checksum: 7d9837296e0f1c00239c88542f5a3e0bad11e45d3d0e8d9d097901fe54722dd5d2c006969077a287be8648a202c43f74e096f17552cbd897568308fba7b87ac0
  languageName: node
  linkType: hard

"color-convert@npm:^1.9.0":
  version: 1.9.3
  resolution: "color-convert@npm:1.9.3"
  dependencies:
    color-name: 1.1.3
  checksum: 5f244daa3d1fe1f216d48878c550465067d15268688308554e613b7640a068f96588096d51f0b98b68f15d6ff6bb8ad24e172582ac8c0ad43fa4d3da60fd1b79
  languageName: node
  linkType: hard

"color-convert@npm:^2.0.1":
  version: 2.0.1
  resolution: "color-convert@npm:2.0.1"
  dependencies:
    color-name: ~1.1.4
  checksum: 3d5d8a011a43012ca11b6d739049ecf2055d95582fd16ec44bf1e685eb0baa5cc652002be8a1dc92b429c8d87418287d0528266a7595cb1ad8a7f4f1d3049df2
  languageName: node
  linkType: hard

"color-name@npm:1.1.3":
  version: 1.1.3
  resolution: "color-name@npm:1.1.3"
  checksum: d8b91bb90aefc05b6ff568cf8889566dcc6269824df6f3c9b8ca842b18d7f4d089c07dc166808d33f22092d4a79167aa56a96a5ff0d21efab548bf44614db43b
  languageName: node
  linkType: hard

"color-name@npm:~1.1.4":
  version: 1.1.4
  resolution: "color-name@npm:1.1.4"
  checksum: 3e1c9a4dee12eada307436f61614dd11fe300469db2b83f80c8b7a7cd8a1015f0f18dd13403f018927b249003777ff60baba4a03c65f12e6bddc0dfd9642021f
  languageName: node
  linkType: hard

"combined-stream@npm:^1.0.8":
  version: 1.0.8
  resolution: "combined-stream@npm:1.0.8"
  dependencies:
    delayed-stream: ~1.0.0
  checksum: 5791ce7944530f0db74a97e77ea28b6fdbf89afcf038e41d6b4195019c4c803cd19ed2905a54959e5b3830d50bd5d6f93c681c6d3aaea8614ad43b48e62e9d65
  languageName: node
  linkType: hard

"cross-fetch@npm:^3.0.6":
  version: 3.0.6
  resolution: "cross-fetch@npm:3.0.6"
  dependencies:
    node-fetch: 2.6.1
  checksum: a491ad1b89988a351f8b8b252b68a5e653636d911042648c43a806cf7575ff043379a80d6269102ca60ec633af0b49ca4c83536007793bb0e65e491769f70d9d
  languageName: node
  linkType: hard

"date-fns@npm:^1.27.2":
  version: 1.30.1
  resolution: "date-fns@npm:1.30.1"
  checksum: 351fc19b04d79de77823a90213b87039392528fdd44a42e3e87f28333e76a48f99e4fbb37c9823b6284f7eb0ef88368fafe61749d6eff173241170977751fa47
  languageName: node
  linkType: hard

"delayed-stream@npm:~1.0.0":
  version: 1.0.0
  resolution: "delayed-stream@npm:1.0.0"
  checksum: d9dfb0a7c79fd308fada9db2cf29d1ff22047ceb50dd78f7e3c173567909b438f418259cb76a6d9c9f513e88ef41d3a14154f618741ec8368c3efeff616d0c9f
  languageName: node
  linkType: hard

"detect-indent@npm:^6.0.0":
  version: 6.0.0
  resolution: "detect-indent@npm:6.0.0"
  checksum: ad0619414151942d278c06cd4b6b79feb96c16eebf4979ef1d03433941f1a85c9bba7daba73a73814d629923716169da5416bbc4290c232d53a2dc06f462da5f
  languageName: node
  linkType: hard

"elegant-spinner@npm:^1.0.1":
  version: 1.0.1
  resolution: "elegant-spinner@npm:1.0.1"
  checksum: 69837a8a8878cadabe8dd26faff9e40e5bf9d5e0af4bad66a0dbc94077c3f03fb0e459b59a2d625bf3c4309913f03d8c87f1abb70ef7a10a2cd4d83fe419c7a0
  languageName: node
  linkType: hard

"emoji-regex@npm:^8.0.0":
  version: 8.0.0
  resolution: "emoji-regex@npm:8.0.0"
  checksum: 87cf3f89efb8ba028075b3dc1713e2c5609af94cbc129b1f00c3113d01dbe4bf85c9d971e75a98bf8a8508131727682ce929e4bd70e9022af4fd47d75e9507de
  languageName: node
  linkType: hard

"error-ex@npm:^1.3.1":
  version: 1.3.2
  resolution: "error-ex@npm:1.3.2"
  dependencies:
    is-arrayish: ^0.2.1
  checksum: 6c6c9187429ae867d145bc64c682c7c137b1f8373a406dc3b605c0d92f15b85bfcea02b461dc55ae11b10d013377e1eaf3d469d2861b2f94703c743620a9c08c
  languageName: node
  linkType: hard

"escape-string-regexp@npm:^1.0.2, escape-string-regexp@npm:^1.0.5":
  version: 1.0.5
  resolution: "escape-string-regexp@npm:1.0.5"
  checksum: f9484b8b4c8827d816e0fd905c25ed4b561376a9c220e1430403ea84619bf680c76a883a48cff8b8e091daf55d6a497e37479f9787b9f15f3c421b6054289744
  languageName: node
  linkType: hard

"external-editor@npm:^3.0.3":
  version: 3.1.0
  resolution: "external-editor@npm:3.1.0"
  dependencies:
    chardet: ^0.7.0
    iconv-lite: ^0.4.24
    tmp: ^0.0.33
  checksum: 22163643f9938f4d46bab20ee0417cf1131aaf9ea4c546184d3668f689b8f7fc0d750b5a60857cb8ea09e4651b2c49fe30eb5a0903697e3c2d837da1e90d2d7c
  languageName: node
  linkType: hard

"extract-files@npm:^9.0.0":
  version: 9.0.0
  resolution: "extract-files@npm:9.0.0"
  checksum: 021b10787718a2f81847e58bd5eea3b09d636e8bb3cf281dad2aeeafc439c32f9e7d2353b2b4b30f6a7febf93be9d1edd76706ea56cff6850b3f39e1594e5bb3
  languageName: node
  linkType: hard

"figures@npm:^1.7.0":
  version: 1.7.0
  resolution: "figures@npm:1.7.0"
  dependencies:
    escape-string-regexp: ^1.0.5
    object-assign: ^4.1.0
  checksum: 17f76820de5201632650d0ea10b5485111677df96423a2401158e85eeb277344551fea908d4ca7407f4fa99ac2e7a70839ece89ce6185e7fa6787245aeb7fd87
  languageName: node
  linkType: hard

"figures@npm:^2.0.0":
  version: 2.0.0
  resolution: "figures@npm:2.0.0"
  dependencies:
    escape-string-regexp: ^1.0.5
  checksum: de1145903784bd0b8bca1716426825d0a608fa81f370e0779047ef3f8d4509896f81435093e62a887717aeed0b8c8a92da7953f7f506ca57e62cf95d12b6c65a
  languageName: node
  linkType: hard

"figures@npm:^3.0.0":
  version: 3.2.0
  resolution: "figures@npm:3.2.0"
  dependencies:
    escape-string-regexp: ^1.0.5
  checksum: 6c8acb1c17c4d27eeb6ff06801b5ae39a999c4794ec50eacf858a1e32746d92af77a9a907c3e1865e2e6ac7d9f1aa765f0f8a01a16a4676b79b6e90a7cc23f44
  languageName: node
  linkType: hard

"form-data@npm:^3.0.0":
  version: 3.0.0
  resolution: "form-data@npm:3.0.0"
  dependencies:
    asynckit: ^0.4.0
    combined-stream: ^1.0.8
    mime-types: ^2.1.12
  checksum: 1af88217b449eda6566a0d95185f2baa403ed2a0e3b11547069f6062be66cbac7c8d7a25f0fc59560702e96526e659b5b9e5a8c6fefe00f06da44338191a9133
  languageName: node
  linkType: hard

"graceful-fs@npm:^4.1.15":
  version: 4.2.6
  resolution: "graceful-fs@npm:4.2.6"
  checksum: 84d39c7756892553da990a9db7e45f844b3309b37b5a00174cbb4748476f2250c54f24594d4d252f64f085c65c2fdac7c809419bf6d55f0e6e42eb07ac0f5bf2
  languageName: node
  linkType: hard

"graphql-request@npm:^3.4.0":
  version: 3.4.0
  resolution: "graphql-request@npm:3.4.0"
  dependencies:
    cross-fetch: ^3.0.6
    extract-files: ^9.0.0
    form-data: ^3.0.0
  peerDependencies:
    graphql: 14.x || 15.x
  checksum: d564874ff42ad63f1555ec18f582bfef5a0ca36160cfc4bf20e22211eca6cf5beabb65961ef734817db441508eee81a9332d4d88fe19c335e39342e20f9f303a
  languageName: node
  linkType: hard

"graphql-tag@npm:^2.11.0":
  version: 2.12.0
  resolution: "graphql-tag@npm:2.12.0"
  dependencies:
    tslib: ^1.14.1
  peerDependencies:
    graphql: ^0.9.0 || ^0.10.0 || ^0.11.0 || ^0.12.0 || ^0.13.0 || ^14.0.0 || ^15.0.0
  checksum: 5589000ba86013023076842192bd569f579a647fbc3bfd86831e6ddc6c275cf430b532476717adba45c514ca90650fc5cb3329bc45e38a9b849f6fcb047444c9
  languageName: node
  linkType: hard

"graphql@npm:^15.5.0":
  version: 15.5.0
  resolution: "graphql@npm:15.5.0"
  checksum: 789cdcb069a3e00592e779002217a6bc5fd09efad63ee8c4190c4b3ea96c89010e74f085fb1cba876a0bb0e324e01df2eddb84d79dca90a28e582bc425fef9ef
  languageName: node
  linkType: hard

"has-ansi@npm:^2.0.0":
  version: 2.0.0
  resolution: "has-ansi@npm:2.0.0"
  dependencies:
    ansi-regex: ^2.0.0
  checksum: c6805f5d01ced45ba247ff2b8c914f401e70aa9086552d8eafbdf6bc0b0e38ea4a3bf1a387d100ff5f07e5854bca96532a01777820a16be2cdf8cf6582091bad
  languageName: node
  linkType: hard

"has-flag@npm:^3.0.0":
  version: 3.0.0
  resolution: "has-flag@npm:3.0.0"
  checksum: 63aade480d27aeedb3b5b63a2e069d47d0006bf182338d662e7941cdc024e68a28418e0efa8dc5df30db9c4ee2407f39e6ea3f16cfbc6b83848b450826a28aa0
  languageName: node
  linkType: hard

"has-flag@npm:^4.0.0":
  version: 4.0.0
  resolution: "has-flag@npm:4.0.0"
  checksum: 2e5391139d3d287231ccb58659702392f6e3abeac3296fb4721afaff46493f3d9b99a9329ae015dfe973aa206ed5c75f43e86aec0267dce79aa5c2b6e811b3ad
  languageName: node
  linkType: hard

"headlesscms-import-export@workspace:.":
  version: 0.0.0-use.local
  resolution: "headlesscms-import-export@workspace:."
  dependencies:
    graphql: ^15.5.0
    graphql-request: ^3.4.0
    graphql-tag: ^2.11.0
    inquirer: ^7.3.3
    listr: ^0.14.3
    load-json-file: ^6.2.0
    lodash: ^4.17.20
    prettier: ^2.2.1
    write-json-file: ^4.3.0
  languageName: unknown
  linkType: soft

"iconv-lite@npm:^0.4.24":
  version: 0.4.24
  resolution: "iconv-lite@npm:0.4.24"
  dependencies:
    safer-buffer: ">= 2.1.2 < 3"
  checksum: a9b9521066ee81853a8561e92bd7240bc5d3b7d5ef7da807a475e7858b0246e318b6af518c30a20a8749ef5eafeaa9631079446e4e696c7b60f468b34dc2cbfc
  languageName: node
  linkType: hard

"imurmurhash@npm:^0.1.4":
  version: 0.1.4
  resolution: "imurmurhash@npm:0.1.4"
  checksum: 34d414d789286f6ef4d2b954c76c7df40dd7cabffef9b9959c8bd148677e98151f4fa5344aae2e3ad2b62308555ccbba3022e535a3e24288c9babb1308e35532
  languageName: node
  linkType: hard

"indent-string@npm:^3.0.0":
  version: 3.2.0
  resolution: "indent-string@npm:3.2.0"
  checksum: 00d5200e3afc1ecfde7e82a28d14ce5e01ae5f07f883b5fdaa80146bb15854764f6a0e0ce5e41e30f377e25285139925adaf744b1754d83d69ab3852de7cd450
  languageName: node
  linkType: hard

"inquirer@npm:^7.3.3":
  version: 7.3.3
  resolution: "inquirer@npm:7.3.3"
  dependencies:
    ansi-escapes: ^4.2.1
    chalk: ^4.1.0
    cli-cursor: ^3.1.0
    cli-width: ^3.0.0
    external-editor: ^3.0.3
    figures: ^3.0.0
    lodash: ^4.17.19
    mute-stream: 0.0.8
    run-async: ^2.4.0
    rxjs: ^6.6.0
    string-width: ^4.1.0
    strip-ansi: ^6.0.0
    through: ^2.3.6
  checksum: fa0cbd9594a04e04c5c10a806e9a86b23986acdc7d07c75afdbc03412ff03b1d201efa83d9d64929afe99a901a093bfc9ae7ab13560f8e557cb98eddbe5bf37d
  languageName: node
  linkType: hard

"is-arrayish@npm:^0.2.1":
  version: 0.2.1
  resolution: "is-arrayish@npm:0.2.1"
  checksum: fc2bbe14dbcb27b490e63b7fbf0e3b0aae843e5e1fa96d79450bb9617797615a575c78c454ffc8e027c3ad50d63d83e85a7387784979dcd46686d2eb5f412db0
  languageName: node
  linkType: hard

"is-fullwidth-code-point@npm:^1.0.0":
  version: 1.0.0
  resolution: "is-fullwidth-code-point@npm:1.0.0"
  dependencies:
    number-is-nan: ^1.0.0
  checksum: fc3d51ef082eaf0c0d44e94b74cf43b97446e008b147b08186daea8bd5ff402596f04b5fe4fa4c0457470beab5c2de8339c49c96b5be65fe9fdf88f60a0001e8
  languageName: node
  linkType: hard

"is-fullwidth-code-point@npm:^2.0.0":
  version: 2.0.0
  resolution: "is-fullwidth-code-point@npm:2.0.0"
  checksum: e1e5284f848ab6885665967cd768292a75022304d4401e78937a68f423047c29bfe87a43a9cdb67a3210fff7bcd5da51469122a0eff59b03261c379e58dbe921
  languageName: node
  linkType: hard

"is-fullwidth-code-point@npm:^3.0.0":
  version: 3.0.0
  resolution: "is-fullwidth-code-point@npm:3.0.0"
  checksum: a01a19ecac34386ae3a4e801c5639d6e31082d1ddc418e7cd96317fef3c8b24ec8531558e9d3d35b33551ab9c5cf20bf2cdefa583927b7ff60c27c8d7c216063
  languageName: node
  linkType: hard

"is-observable@npm:^1.1.0":
  version: 1.1.0
  resolution: "is-observable@npm:1.1.0"
  dependencies:
    symbol-observable: ^1.1.0
  checksum: 6c408927886b91671661a3fd37a102ffc48f4b9f618a7d0272a8c2c3bf5b266a17b7805caf16110ba1d43add4f4e1585b65ae6e532167b3d1e22e62f3ac355c9
  languageName: node
  linkType: hard

"is-plain-obj@npm:^2.0.0":
  version: 2.1.0
  resolution: "is-plain-obj@npm:2.1.0"
  checksum: 2314302f9140d1e9607731d523f207d8000281aebbabe0083210342c0758976f75f0f5db405e55910bd4dc9a04baddbeab9d476290642b5a0d31431cc9bda4b3
  languageName: node
  linkType: hard

"is-promise@npm:^2.1.0":
  version: 2.2.2
  resolution: "is-promise@npm:2.2.2"
  checksum: 6fe84293b8750d3604a909979a7517a38b1618817f1fbbfdaf4d6138642117c85fbee12927b4d51349a5bcd9bdf8d1bf181f09145ede2d7eb41f4b394ab2ce7d
  languageName: node
  linkType: hard

"is-stream@npm:^1.1.0":
  version: 1.1.0
  resolution: "is-stream@npm:1.1.0"
  checksum: 39843ee9ff68ebda05237199f18831eb6e0e28db7799ee9ddaac5573b0681f18b4dc427afdb7b7ad906db545e4648999c42a1810b277acc8451593ff59da00fa
  languageName: node
  linkType: hard

"is-typedarray@npm:^1.0.0":
  version: 1.0.0
  resolution: "is-typedarray@npm:1.0.0"
  checksum: 4e21156e7360a5916eded35c5938adf6278299a8055640864eebb251e4351cd605beccddf9af27477e19f753d453412fe0c21379bb54b55cfdf5add263076959
  languageName: node
  linkType: hard

"js-tokens@npm:^4.0.0":
  version: 4.0.0
  resolution: "js-tokens@npm:4.0.0"
  checksum: 1fc4e4667ac2d972aba65148b9cbf9c17566b2394d3504238d8492bbd3e68f496c657eab06b26b40b17db5cac0a34d153a12130e2d2d2bb6dc2cdc8a4764eb1b
  languageName: node
  linkType: hard

"json-parse-even-better-errors@npm:^2.3.0":
  version: 2.3.1
  resolution: "json-parse-even-better-errors@npm:2.3.1"
  checksum: d89fa7fe57957f3004cf0e786465a64183c0de861f6fda800d352956397c01b22f9feb141d0dce5b23f5dbe0aae74dd5b45fc0c3c1679b0942688efa5544e726
  languageName: node
  linkType: hard

"lines-and-columns@npm:^1.1.6":
  version: 1.1.6
  resolution: "lines-and-columns@npm:1.1.6"
  checksum: 798b80ed7ae3fba34d43fe29591ccb4f16f6fca1da4e1f9922b92264b91d931012433c248daf8e44caa74feb40c0eaa0f27a14f8ee68b6ffb425f3c3f785af27
  languageName: node
  linkType: hard

"listr-silent-renderer@npm:^1.1.1":
  version: 1.1.1
  resolution: "listr-silent-renderer@npm:1.1.1"
  checksum: ea91806bd07da1c99189ab2665b613c82ad91350e3f2f28dd1d7b274d335752acda1d861cadf05dbc40ae9d329187e7470ab927cd676c62abc74040d311c4fc3
  languageName: node
  linkType: hard

"listr-update-renderer@npm:^0.5.0":
  version: 0.5.0
  resolution: "listr-update-renderer@npm:0.5.0"
  dependencies:
    chalk: ^1.1.3
    cli-truncate: ^0.2.1
    elegant-spinner: ^1.0.1
    figures: ^1.7.0
    indent-string: ^3.0.0
    log-symbols: ^1.0.2
    log-update: ^2.3.0
    strip-ansi: ^3.0.1
  peerDependencies:
    listr: ^0.14.2
  checksum: 0219b8752f556a16432b7123c30deeefbd9a2d0bb3421ad71da2719834fbdad2daaf55067607da5cc54fd761aba549bf67292200f39cc8523ffd9052d36636ba
  languageName: node
  linkType: hard

"listr-verbose-renderer@npm:^0.5.0":
  version: 0.5.0
  resolution: "listr-verbose-renderer@npm:0.5.0"
  dependencies:
    chalk: ^2.4.1
    cli-cursor: ^2.1.0
    date-fns: ^1.27.2
    figures: ^2.0.0
  checksum: 83aec28ed114420c4ca4c4109e2432ffc071f9ea4a7d87b7bdb2856b97fa4d9f1f4b003a4871ce35d3863bdf7f9b1af7151da23c8f842cddfa66f8afd5b11c7b
  languageName: node
  linkType: hard

"listr@npm:0.14.3, listr@npm:^0.14.3":
  version: 0.14.3
  resolution: "listr@npm:0.14.3"
  dependencies:
    "@samverschueren/stream-to-observable": ^0.3.0
    is-observable: ^1.1.0
    is-promise: ^2.1.0
    is-stream: ^1.1.0
    listr-silent-renderer: ^1.1.1
    listr-update-renderer: ^0.5.0
    listr-verbose-renderer: ^0.5.0
    p-map: ^2.0.0
    rxjs: ^6.3.3
  checksum: 97a194b6ad32aa59e9fdb0f21e1937cfe11f19218a175af1e468360dd587d300b19aa29f51baceb497cbfa555c7583da2871f5df4acf4d42233970df7d6418ea
  languageName: node
  linkType: hard

"load-json-file@npm:^6.2.0":
  version: 6.2.0
  resolution: "load-json-file@npm:6.2.0"
  dependencies:
    graceful-fs: ^4.1.15
    parse-json: ^5.0.0
    strip-bom: ^4.0.0
    type-fest: ^0.6.0
  checksum: 88a718741648c6ca88c989b12be5f5fa1fab5e1f0b52cde9eaa692132aef54d152f775355f69fe725c4231f9b4e4d10fc3da188bac623fea66142f2c7c66bf39
  languageName: node
  linkType: hard

"lodash@npm:^4.17.19, lodash@npm:^4.17.20":
  version: 4.17.20
  resolution: "lodash@npm:4.17.20"
  checksum: c62101d2500c383b5f174a7e9e6fe8098149ddd6e9ccfa85f36d4789446195f5c4afd3cfba433026bcaf3da271256566b04a2bf2618e5a39f6e67f8c12030cb6
  languageName: node
  linkType: hard

"log-symbols@npm:^1.0.2":
  version: 1.0.2
  resolution: "log-symbols@npm:1.0.2"
  dependencies:
    chalk: ^1.0.0
  checksum: 69ba19d52b32bdcc659752321bc89e21d697088b7dce8ed1fed9582e3e37eef6a859502eeb721d8b7d08f0b5cb3d92b16a4321e01393ba8bace23f2a834be077
  languageName: node
  linkType: hard

"log-update@npm:^2.3.0":
  version: 2.3.0
  resolution: "log-update@npm:2.3.0"
  dependencies:
    ansi-escapes: ^3.0.0
    cli-cursor: ^2.0.0
    wrap-ansi: ^3.0.1
  checksum: 9b284678617abcdeb6da5589b82f88bdad7129b6d8cd428c010c5e4e1b6d7a4ccfcadb3375701e4cf7900cff735fcff123b9dea3fd28f7636e129f3a7566455c
  languageName: node
  linkType: hard

"make-dir@npm:^3.0.0":
  version: 3.1.0
  resolution: "make-dir@npm:3.1.0"
  dependencies:
    semver: ^6.0.0
  checksum: 54b6f186c209c1b133d0d1710e6b04c41ebfcb0dac699e5a369ea1223f22c0574ef820b91db37cae6c245f5bda8aff9bfec94f6c23e7d75970446b34a58a79b0
  languageName: node
  linkType: hard

"mime-db@npm:1.45.0":
  version: 1.45.0
  resolution: "mime-db@npm:1.45.0"
  checksum: 86701c54f748c72a5c05c16f881cdfa01db44a61e52f4cef3d872b5f3e4a3c4186c28df7a5fec31debc9bee42d5afc9b86ff8ff3d3eaf1440f07140b94a33d4a
  languageName: node
  linkType: hard

"mime-types@npm:^2.1.12":
  version: 2.1.28
  resolution: "mime-types@npm:2.1.28"
  dependencies:
    mime-db: 1.45.0
  checksum: 89d14a1af2be7f3c9682d1af98f422addce894b9c3ed1e67acb6e59e4c910c58a3586db686d894b47708d07c2ae76de4246b66dc4a7d698b0d1bd761c309bb92
  languageName: node
  linkType: hard

"mimic-fn@npm:^1.0.0":
  version: 1.2.0
  resolution: "mimic-fn@npm:1.2.0"
  checksum: 159155e209bdbccae0bf8cd4b4065543fe7a82161541d9860c223583e92e0ae092d809b9f3c2aced74fc00362ff338bfeeec793bf3e14cf27c615a1e3009394d
  languageName: node
  linkType: hard

"mimic-fn@npm:^2.1.0":
  version: 2.1.0
  resolution: "mimic-fn@npm:2.1.0"
  checksum: f7d2d7febe3d7dd71da0700b1d455ec6c951a96b463ffcc303c93771b9fe4e45318152ea677c241505b19b39e41d906e5052cfb382d59a44bdb6d3d57f8b467b
  languageName: node
  linkType: hard

"mute-stream@npm:0.0.8":
  version: 0.0.8
  resolution: "mute-stream@npm:0.0.8"
  checksum: 315c40f463ec31deee54c5b8779207feb6b63dd4c58fe0f84ad46abdd6dac1ada578d53efde4a47b0ae4d29d453d35bb39ecdd98ee9ebf538929039a3a9945df
  languageName: node
  linkType: hard

"node-fetch@npm:2.6.1":
  version: 2.6.1
  resolution: "node-fetch@npm:2.6.1"
  checksum: cbb171635e538162b977eac5dfe7a1e07a9a02e991924377a6435502291e2f823d306b95aabc455caebf4a118ccf836868462bc70ccc3095af02bb9da61fda37
  languageName: node
  linkType: hard

"number-is-nan@npm:^1.0.0":
  version: 1.0.1
  resolution: "number-is-nan@npm:1.0.1"
  checksum: 42251b2653a16f8b47639d93c3b646fff295a4582a6b3a2fc51a651d4511427c247629709063d19befbceb8a3db1a8e9f17016b3a207291e79e4bd1413032918
  languageName: node
  linkType: hard

"object-assign@npm:^4.1.0":
  version: 4.1.1
  resolution: "object-assign@npm:4.1.1"
  checksum: 66cf021898fc1b13ea573ea8635fbd5a76533f50cecbc2fcd5eee1e8029af41bcebe7023788b6d0e06cbe4401ecea075d972f78ec74467cdc571a0f1a4d1a081
  languageName: node
  linkType: hard

"onetime@npm:^2.0.0":
  version: 2.0.1
  resolution: "onetime@npm:2.0.1"
  dependencies:
    mimic-fn: ^1.0.0
  checksum: a4f56fdd3ad40618c06be5dd601dcdc6f6567cc8da7a8955eb208fc027b5f2eec052b15f3097b4575728a2928c24c9d6deaac7bf53883d9d8ffe13abdccdec08
  languageName: node
  linkType: hard

"onetime@npm:^5.1.0":
  version: 5.1.2
  resolution: "onetime@npm:5.1.2"
  dependencies:
    mimic-fn: ^2.1.0
  checksum: e425f6caeb20cf2598ffece94be5663932e34d074f1631b682b13d5f01cc1e0712a7dc711eff1706bb5a5aaab8a52e37bd5edcf560334e3222219d7e8b09c21c
  languageName: node
  linkType: hard

"os-tmpdir@npm:~1.0.2":
  version: 1.0.2
  resolution: "os-tmpdir@npm:1.0.2"
  checksum: ca158a3c2e48748adc7736cdbe4c593723f8ed8581d2aae2f2a30fdb9417d4ba14bed1cd487d47561898a7b1ece88bce69745e9ce0303e1dea9ea7d22d1f1082
  languageName: node
  linkType: hard

"p-map@npm:^2.0.0":
  version: 2.1.0
  resolution: "p-map@npm:2.1.0"
  checksum: 8557e841ed832a489aaee7d825b7bea73e0559c452578821f5af418f430a8455727ab8dd5b4318b6b6733096029cfa571aa0e8d21bdd2c213025f02f919f7a9a
  languageName: node
  linkType: hard

"parse-json@npm:^5.0.0":
  version: 5.2.0
  resolution: "parse-json@npm:5.2.0"
  dependencies:
    "@babel/code-frame": ^7.0.0
    error-ex: ^1.3.1
    json-parse-even-better-errors: ^2.3.0
    lines-and-columns: ^1.1.6
  checksum: 65b1e494a51862340248f542666712830c7b6f4d632ca099520eeacb163275f35cbbcf72643cab1d8a71c3cdf87dcd0a7e03c685c7ac1068d24b49c915a7e884
  languageName: node
  linkType: hard

"prettier@npm:^2.2.1":
  version: 2.2.1
  resolution: "prettier@npm:2.2.1"
  bin:
    prettier: bin-prettier.js
  checksum: 92c6c9f4b87eba1f28466edee57dd18c80d00b858edda77d46d1950d20e6e302b68ee255fc91133ba931e63c4577b5ae30da194d9626a8f3c0177778b91bf056
  languageName: node
  linkType: hard

"restore-cursor@npm:^2.0.0":
  version: 2.0.0
  resolution: "restore-cursor@npm:2.0.0"
  dependencies:
    onetime: ^2.0.0
    signal-exit: ^3.0.2
  checksum: 950c88d84a4cb44d4db29766ab1f2c95e2d23e89a9c65e95e5ecc83be061d0405c5f9366ce6e53b769c9e718acd3be523cba55a9bd5e898b0d7ca1e69194438d
  languageName: node
  linkType: hard

"restore-cursor@npm:^3.1.0":
  version: 3.1.0
  resolution: "restore-cursor@npm:3.1.0"
  dependencies:
    onetime: ^5.1.0
    signal-exit: ^3.0.2
  checksum: 38e0af0830336dbc7d36b8d02e9194489dc52aaf64f41d02c427303a78552019434ad87082d67ce171a569a8be898caf7c70d5e17bd347cf6f7bd38d332d0bd4
  languageName: node
  linkType: hard

"run-async@npm:^2.4.0":
  version: 2.4.1
  resolution: "run-async@npm:2.4.1"
  checksum: b1f06da336029be9c08312309ccdda107558ebf3e1212e960d7a54020f888a449ade2cb8b432a9a6750537ed80119a3c798f7592e8f8518f193ff4c50c13d4a3
  languageName: node
  linkType: hard

"rxjs@npm:^6.3.3, rxjs@npm:^6.6.0":
  version: 6.6.3
  resolution: "rxjs@npm:6.6.3"
  dependencies:
    tslib: ^1.9.0
  checksum: 61a3da6db947f69b7d805df3a619d8f60678b7372c4d571dd63e45ef3532be984a88307ea0aa2cd8d2578b62c3c022186e8da9dca47c9c1b8c9ecba6f5581deb
  languageName: node
  linkType: hard

"safer-buffer@npm:>= 2.1.2 < 3":
  version: 2.1.2
  resolution: "safer-buffer@npm:2.1.2"
  checksum: 549ba83f5b314b59898efe3422120ce1ca7987a6eae5925a5fa5db930dc414d4a9dde0a5594f89638cd6ea60b6840ea961872908933ac2428d1726489db46fa5
  languageName: node
  linkType: hard

"semver@npm:^6.0.0":
  version: 6.3.0
  resolution: "semver@npm:6.3.0"
  bin:
    semver: ./bin/semver.js
  checksum: f0d155c06a67cc7e500c92d929339f1c6efd4ce9fe398aee6acc00a2333489cca0f5b4e76ee7292beba237fcca4b5a3d4a6153471f105f56299801bdab37289f
  languageName: node
  linkType: hard

"signal-exit@npm:^3.0.2":
  version: 3.0.3
  resolution: "signal-exit@npm:3.0.3"
  checksum: f8f3fec95c8d1f9ad7e3cce07e1195f84e7a85cdcb4e825e8a2b76aa5406a039083d2bc9662b3cf40e6948262f41277047d20e6fbd58c77edced0b18fab647d8
  languageName: node
  linkType: hard

"slice-ansi@npm:0.0.4":
  version: 0.0.4
  resolution: "slice-ansi@npm:0.0.4"
  checksum: 8fa79b3017a15042d91ab50f6c1ba5fa5ed6ff034f9bb1afe4597f5c7fff510deeae98b1f81e9139580909a497936866e40287f35973c7117e62829407fa2e81
  languageName: node
  linkType: hard

"sort-keys@npm:^4.0.0":
  version: 4.2.0
  resolution: "sort-keys@npm:4.2.0"
  dependencies:
    is-plain-obj: ^2.0.0
  checksum: 630aee4071cd6b5ad636fd1c720964803f49e7be72ef100e1815daf72e043893cdb67149c670cf7a9f1afed28025b12b12d998a24cad90a3b36cc5b538846f3f
  languageName: node
  linkType: hard

"string-width@npm:^1.0.1":
  version: 1.0.2
  resolution: "string-width@npm:1.0.2"
  dependencies:
    code-point-at: ^1.0.0
    is-fullwidth-code-point: ^1.0.0
    strip-ansi: ^3.0.0
  checksum: b11745daa9398a1b3bb37ffa64263f9869c5f790901ed1242decb08171785346447112ead561cffde6b222a5ebeab9d2b382c72ae688859e852aa29325ca9d0b
  languageName: node
  linkType: hard

"string-width@npm:^2.1.1":
  version: 2.1.1
  resolution: "string-width@npm:2.1.1"
  dependencies:
    is-fullwidth-code-point: ^2.0.0
    strip-ansi: ^4.0.0
  checksum: 906b4887c39d247e9d12dfffb42bfe68655b52d27758eb13e069dce0f4cf2e7f82441dbbe44f7279298781e6f68e1c659451bd4d9e2bbe9d487a157ad14ae1bd
  languageName: node
  linkType: hard

"string-width@npm:^4.1.0":
  version: 4.2.0
  resolution: "string-width@npm:4.2.0"
  dependencies:
    emoji-regex: ^8.0.0
    is-fullwidth-code-point: ^3.0.0
    strip-ansi: ^6.0.0
  checksum: cf1e8acddf3d6d6e9e168628cc58cf1b33b1e7e801af2a0c18316e4e8beb62361eb9aad6eab2fc86de972ab149cb7262aedc2a5d0c2ce28873c91b171cce84d7
  languageName: node
  linkType: hard

"strip-ansi@npm:^3.0.0, strip-ansi@npm:^3.0.1":
  version: 3.0.1
  resolution: "strip-ansi@npm:3.0.1"
  dependencies:
    ansi-regex: ^2.0.0
  checksum: 98772dcf440d08f65790ee38cd186b1f139fa69b430e75f9d9c11f97058662f82a22c2ba03a30f502f948958264e99051524fbf1819edaa8a8bbb909ece297da
  languageName: node
  linkType: hard

"strip-ansi@npm:^4.0.0":
  version: 4.0.0
  resolution: "strip-ansi@npm:4.0.0"
  dependencies:
    ansi-regex: ^3.0.0
  checksum: 9ac63872c2ba5e8a946c6f3a9c1ab81db5b43bce0d24a33b016e5666d3efda421f721447a1962611053a3ca1595b8742b0216fcc25886958d4565b7afcd27013
  languageName: node
  linkType: hard

"strip-ansi@npm:^6.0.0":
  version: 6.0.0
  resolution: "strip-ansi@npm:6.0.0"
  dependencies:
    ansi-regex: ^5.0.0
  checksum: 10568c91cadbef182a807c38dfa718dce15a35b12fcc97b96b6b2029d0508ef66ca93fabddeb49482d9b027495d1e18591858e80f27ad26861c4967c60fd207f
  languageName: node
  linkType: hard

"strip-bom@npm:^4.0.0":
  version: 4.0.0
  resolution: "strip-bom@npm:4.0.0"
  checksum: 25a231aacba2c6ecf37d7389721ff214c7f979e97407c935eeb41f5c5513c80119aada86049408feab74d22e7f1b29d90c942d4d47a4e47868dd16daed035823
  languageName: node
  linkType: hard

"supports-color@npm:^2.0.0":
  version: 2.0.0
  resolution: "supports-color@npm:2.0.0"
  checksum: 5d6fb449e29f779cc639756f0d6b9ab6138048e753683cd2c647f36a9254714051909a5f569e6aa83c5310c8dfe8a1f481967e02bef401ac8eed46ee0950d779
  languageName: node
  linkType: hard

"supports-color@npm:^5.3.0":
  version: 5.5.0
  resolution: "supports-color@npm:5.5.0"
  dependencies:
    has-flag: ^3.0.0
  checksum: edacee6425498440744c418be94b0660181aad2a1828bcf2be85c42bd385da2fd8b2b358d9b62b0c5b03ff5cd3e992458d7b8f879d9fb42f2201fe05a4848a29
  languageName: node
  linkType: hard

"supports-color@npm:^7.1.0":
  version: 7.2.0
  resolution: "supports-color@npm:7.2.0"
  dependencies:
    has-flag: ^4.0.0
  checksum: 8e57067c39216f3c2ffce7cc14ca934d54746192571203aa9c9922d97d2d55cc1bdaa9e41a11f91e620670b5a74ebdec6b548a885d8cc2dea7cab59e21416029
  languageName: node
  linkType: hard

"symbol-observable@npm:^1.1.0":
  version: 1.2.0
  resolution: "symbol-observable@npm:1.2.0"
  checksum: 268834a1d4cba19d40f367e5c2755f612969c8418e43a3be17408e392802a667f8bb542893440d58a080a8ea8da05ea98e27e472b9f4ff6fbda78a21a1a41c53
  languageName: node
  linkType: hard

"through@npm:^2.3.6":
  version: 2.3.8
  resolution: "through@npm:2.3.8"
  checksum: 918d9151680b5355990011eb8c4b02e8cb8cf6e9fb6ea3d3e5a1faa688343789e261634ae35de4ea9167ab029d1e7bac6af2fe61b843931768d405fdc3e8897c
  languageName: node
  linkType: hard

"tmp@npm:^0.0.33":
  version: 0.0.33
  resolution: "tmp@npm:0.0.33"
  dependencies:
    os-tmpdir: ~1.0.2
  checksum: 77666ca424a78fcfcc27a6576f24f01aa1300b10d22e4f1808809e560777672dd2d4a112604ab2ad86ec7cafd24472b9ccc41373c2b5b83797f27e6aff06cbe5
  languageName: node
  linkType: hard

"tslib@npm:^1.14.1, tslib@npm:^1.9.0":
  version: 1.14.1
  resolution: "tslib@npm:1.14.1"
  checksum: f44fe7f216946b17d3e3074df3746372703cf24e9127b4c045511456e8e4bf25515fb0a1bb3937676cc305651c5d4fcb6377b0588a4c6a957e748c4c28905d17
  languageName: node
  linkType: hard

"type-fest@npm:^0.11.0":
  version: 0.11.0
  resolution: "type-fest@npm:0.11.0"
  checksum: 02e5cadf13590a5724cacf8d9133320efd173f6fb1b695fcb29e56551a315bf0f07ca988a780a1999b7b55bb3eaaa7f37223615207236d393af17bba6749dc95
  languageName: node
  linkType: hard

"type-fest@npm:^0.6.0":
  version: 0.6.0
  resolution: "type-fest@npm:0.6.0"
  checksum: c77f687caff9f8effffd6091fbdb57b8e7265213e067c34086d37dc6ac3b640abd3dd3921402a6ba9eb56621719c552ae5e91d183d1e6d075f9aff859a347f00
  languageName: node
  linkType: hard

"typedarray-to-buffer@npm:^3.1.5":
  version: 3.1.5
  resolution: "typedarray-to-buffer@npm:3.1.5"
  dependencies:
    is-typedarray: ^1.0.0
  checksum: e6e0e6812acc3496612d81abe026bb6c71bfc0f3daa00716a3236fe37c46a81508de8306df8a29ae81e2a2c4293b6b8067c77b65003e0022134d544902b9acec
  languageName: node
  linkType: hard

"wrap-ansi@npm:^3.0.1":
  version: 3.0.1
  resolution: "wrap-ansi@npm:3.0.1"
  dependencies:
    string-width: ^2.1.1
    strip-ansi: ^4.0.0
  checksum: a5425ff35d2b2d8b683045f1bbb947b7e018cf0ed7aee01aa68fc1d97b4babb09a98d1c3020d0848fdaec9bc96b008acab9d93bfd71e37959b96a4764b0ba026
  languageName: node
  linkType: hard

"write-file-atomic@npm:^3.0.0":
  version: 3.0.3
  resolution: "write-file-atomic@npm:3.0.3"
  dependencies:
    imurmurhash: ^0.1.4
    is-typedarray: ^1.0.0
    signal-exit: ^3.0.2
    typedarray-to-buffer: ^3.1.5
  checksum: a26a8699c30cdc81d041b2c1049c6773f1e8401edda365874e9ca2dcf1fcf024dfeb43eea5e08c2e9b4e77be08a160d37f8d6c5d8c2d3ceccdf3d06e5cb38d35
  languageName: node
  linkType: hard

"write-json-file@npm:^4.3.0":
  version: 4.3.0
  resolution: "write-json-file@npm:4.3.0"
  dependencies:
    detect-indent: ^6.0.0
    graceful-fs: ^4.1.15
    is-plain-obj: ^2.0.0
    make-dir: ^3.0.0
    sort-keys: ^4.0.0
    write-file-atomic: ^3.0.0
  checksum: 0803c5856575c648d80b656c32fc0305a31946fcff53f04e2240094025db1ab7c583963418701c3ded336dbfe9bf448fa4639e0741f624a2ae26a5f0096847a7
  languageName: node
  linkType: hard
